// !$*UTF8*$!
{
	archiveVersion = 1;
	classes = {
	};
	objectVersion = 50;
	objects = {

/* Begin PBXBuildFile section */
		F806DD4A238EF90B00399678 /* AppDelegate.swift in Sources */ = {isa = PBXBuildFile; fileRef = F806DD49238EF90B00399678 /* AppDelegate.swift */; };
		F806DD4E238EF90B00399678 /* AnimationsListViewController.swift in Sources */ = {isa = PBXBuildFile; fileRef = F806DD4D238EF90B00399678 /* AnimationsListViewController.swift */; };
		F806DD53238EF90C00399678 /* Assets.xcassets in Resources */ = {isa = PBXBuildFile; fileRef = F806DD52238EF90C00399678 /* Assets.xcassets */; };
		F806DD56238EF90C00399678 /* LaunchScreen.storyboard in Resources */ = {isa = PBXBuildFile; fileRef = F806DD54238EF90C00399678 /* LaunchScreen.storyboard */; };
		F806DD5F238EF97000399678 /* Coordinator.swift in Sources */ = {isa = PBXBuildFile; fileRef = F806DD5E238EF97000399678 /* Coordinator.swift */; };
		F806DD61238EFC9900399678 /* AppCoordinator.swift in Sources */ = {isa = PBXBuildFile; fileRef = F806DD60238EFC9900399678 /* AppCoordinator.swift */; };
		F806DD63238EFE0600399678 /* AnimationsListCoordinator.swift in Sources */ = {isa = PBXBuildFile; fileRef = F806DD62238EFE0600399678 /* AnimationsListCoordinator.swift */; };
		F83AAC3B23C1ED85009B06CC /* TextFieldTableViewCell.swift in Sources */ = {isa = PBXBuildFile; fileRef = F83AAC3A23C1ED85009B06CC /* TextFieldTableViewCell.swift */; };
		F83AAC3D23C1F3B6009B06CC /* FormItem.swift in Sources */ = {isa = PBXBuildFile; fileRef = F83AAC3C23C1F3B6009B06CC /* FormItem.swift */; };
		F84681B523C63E1E00CDF8BD /* FormViewCoordinator.swift in Sources */ = {isa = PBXBuildFile; fileRef = F84681B423C63E1E00CDF8BD /* FormViewCoordinator.swift */; };
		F84681B723C6422C00CDF8BD /* TableFooterView.swift in Sources */ = {isa = PBXBuildFile; fileRef = F84681B623C6422C00CDF8BD /* TableFooterView.swift */; };
		F8B36DAF239980680040CD03 /* AnimationsListModel.swift in Sources */ = {isa = PBXBuildFile; fileRef = F8B36DAE239980680040CD03 /* AnimationsListModel.swift */; };
		F8D322F523BB4BA200539D16 /* FormViewController.swift in Sources */ = {isa = PBXBuildFile; fileRef = F8D322F423BB4BA200539D16 /* FormViewController.swift */; };
		F8D322F723BB4BCE00539D16 /* FormDataSource.swift in Sources */ = {isa = PBXBuildFile; fileRef = F8D322F623BB4BCE00539D16 /* FormDataSource.swift */; };
		F8FB37EF23EECEA500CD91A5 /* BezierPathTutorialViewController.swift in Sources */ = {isa = PBXBuildFile; fileRef = F8FB37EE23EECEA500CD91A5 /* BezierPathTutorialViewController.swift */; };
		F8FB37F123EECEBF00CD91A5 /* BezierPathTutorilaCoordinator.swift in Sources */ = {isa = PBXBuildFile; fileRef = F8FB37F023EECEBF00CD91A5 /* BezierPathTutorilaCoordinator.swift */; };
		F8FB37F323EECF8A00CD91A5 /* BezierPathTutorialView.swift in Sources */ = {isa = PBXBuildFile; fileRef = F8FB37F223EECF8A00CD91A5 /* BezierPathTutorialView.swift */; };
/* End PBXBuildFile section */

/* Begin PBXFileReference section */
		F806DD46238EF90B00399678 /* animationPlayer.app */ = {isa = PBXFileReference; explicitFileType = wrapper.application; includeInIndex = 0; path = animationPlayer.app; sourceTree = BUILT_PRODUCTS_DIR; };
		F806DD49238EF90B00399678 /* AppDelegate.swift */ = {isa = PBXFileReference; lastKnownFileType = sourcecode.swift; path = AppDelegate.swift; sourceTree = "<group>"; };
		F806DD4D238EF90B00399678 /* AnimationsListViewController.swift */ = {isa = PBXFileReference; lastKnownFileType = sourcecode.swift; path = AnimationsListViewController.swift; sourceTree = "<group>"; };
		F806DD52238EF90C00399678 /* Assets.xcassets */ = {isa = PBXFileReference; lastKnownFileType = folder.assetcatalog; path = Assets.xcassets; sourceTree = "<group>"; };
		F806DD55238EF90C00399678 /* Base */ = {isa = PBXFileReference; lastKnownFileType = file.storyboard; name = Base; path = Base.lproj/LaunchScreen.storyboard; sourceTree = "<group>"; };
		F806DD57238EF90C00399678 /* Info.plist */ = {isa = PBXFileReference; lastKnownFileType = text.plist.xml; path = Info.plist; sourceTree = "<group>"; };
		F806DD5E238EF97000399678 /* Coordinator.swift */ = {isa = PBXFileReference; lastKnownFileType = sourcecode.swift; path = Coordinator.swift; sourceTree = "<group>"; };
		F806DD60238EFC9900399678 /* AppCoordinator.swift */ = {isa = PBXFileReference; lastKnownFileType = sourcecode.swift; path = AppCoordinator.swift; sourceTree = "<group>"; };
		F806DD62238EFE0600399678 /* AnimationsListCoordinator.swift */ = {isa = PBXFileReference; lastKnownFileType = sourcecode.swift; path = AnimationsListCoordinator.swift; sourceTree = "<group>"; };
		F83AAC3A23C1ED85009B06CC /* TextFieldTableViewCell.swift */ = {isa = PBXFileReference; lastKnownFileType = sourcecode.swift; path = TextFieldTableViewCell.swift; sourceTree = "<group>"; };
		F83AAC3C23C1F3B6009B06CC /* FormItem.swift */ = {isa = PBXFileReference; lastKnownFileType = sourcecode.swift; path = FormItem.swift; sourceTree = "<group>"; };
		F84681B423C63E1E00CDF8BD /* FormViewCoordinator.swift */ = {isa = PBXFileReference; lastKnownFileType = sourcecode.swift; path = FormViewCoordinator.swift; sourceTree = "<group>"; };
		F84681B623C6422C00CDF8BD /* TableFooterView.swift */ = {isa = PBXFileReference; lastKnownFileType = sourcecode.swift; path = TableFooterView.swift; sourceTree = "<group>"; };
		F8B36DAE239980680040CD03 /* AnimationsListModel.swift */ = {isa = PBXFileReference; lastKnownFileType = sourcecode.swift; path = AnimationsListModel.swift; sourceTree = "<group>"; };
		F8D322F423BB4BA200539D16 /* FormViewController.swift */ = {isa = PBXFileReference; lastKnownFileType = sourcecode.swift; path = FormViewController.swift; sourceTree = "<group>"; };
		F8D322F623BB4BCE00539D16 /* FormDataSource.swift */ = {isa = PBXFileReference; lastKnownFileType = sourcecode.swift; path = FormDataSource.swift; sourceTree = "<group>"; };
		F8FB37EE23EECEA500CD91A5 /* BezierPathTutorialViewController.swift */ = {isa = PBXFileReference; lastKnownFileType = sourcecode.swift; path = BezierPathTutorialViewController.swift; sourceTree = "<group>"; };
		F8FB37F023EECEBF00CD91A5 /* BezierPathTutorilaCoordinator.swift */ = {isa = PBXFileReference; lastKnownFileType = sourcecode.swift; path = BezierPathTutorilaCoordinator.swift; sourceTree = "<group>"; };
		F8FB37F223EECF8A00CD91A5 /* BezierPathTutorialView.swift */ = {isa = PBXFileReference; lastKnownFileType = sourcecode.swift; path = BezierPathTutorialView.swift; sourceTree = "<group>"; };
/* End PBXFileReference section */

/* Begin PBXFrameworksBuildPhase section */
		F806DD43238EF90B00399678 /* Frameworks */ = {
			isa = PBXFrameworksBuildPhase;
			buildActionMask = 2147483647;
			files = (
			);
			runOnlyForDeploymentPostprocessing = 0;
		};
/* End PBXFrameworksBuildPhase section */

/* Begin PBXGroup section */
		F806DD3D238EF90A00399678 = {
			isa = PBXGroup;
			children = (
				F806DD48238EF90B00399678 /* animationPlayer */,
				F806DD47238EF90B00399678 /* Products */,
			);
			sourceTree = "<group>";
		};
		F806DD47238EF90B00399678 /* Products */ = {
			isa = PBXGroup;
			children = (
				F806DD46238EF90B00399678 /* animationPlayer.app */,
			);
			name = Products;
			sourceTree = "<group>";
		};
		F806DD48238EF90B00399678 /* animationPlayer */ = {
			isa = PBXGroup;
			children = (
				F806DD5D238EF95700399678 /* Coordinators */,
				F806DD64238F021000399678 /* Modules */,
				F806DD49238EF90B00399678 /* AppDelegate.swift */,
				F806DD52238EF90C00399678 /* Assets.xcassets */,
				F806DD54238EF90C00399678 /* LaunchScreen.storyboard */,
				F806DD57238EF90C00399678 /* Info.plist */,
			);
			path = animationPlayer;
			sourceTree = "<group>";
		};
		F806DD5D238EF95700399678 /* Coordinators */ = {
			isa = PBXGroup;
			children = (
				F806DD5E238EF97000399678 /* Coordinator.swift */,
				F806DD60238EFC9900399678 /* AppCoordinator.swift */,
				F806DD62238EFE0600399678 /* AnimationsListCoordinator.swift */,
			);
			path = Coordinators;
			sourceTree = "<group>";
		};
		F806DD64238F021000399678 /* Modules */ = {
			isa = PBXGroup;
			children = (
				F8FB37ED23EECE6D00CD91A5 /* BezierPath */,
				F8D322F323BB4B7200539D16 /* table */,
				F8B36DAB23997EF90040CD03 /* AnimationsList */,
			);
			path = Modules;
			sourceTree = "<group>";
		};
		F8B36DAB23997EF90040CD03 /* AnimationsList */ = {
			isa = PBXGroup;
			children = (
				F806DD4D238EF90B00399678 /* AnimationsListViewController.swift */,
				F8B36DAE239980680040CD03 /* AnimationsListModel.swift */,
			);
			path = AnimationsList;
			sourceTree = "<group>";
		};
		F8D322F323BB4B7200539D16 /* table */ = {
			isa = PBXGroup;
			children = (
				F8D322F423BB4BA200539D16 /* FormViewController.swift */,
				F8D322F623BB4BCE00539D16 /* FormDataSource.swift */,
				F83AAC3A23C1ED85009B06CC /* TextFieldTableViewCell.swift */,
				F83AAC3C23C1F3B6009B06CC /* FormItem.swift */,
				F84681B423C63E1E00CDF8BD /* FormViewCoordinator.swift */,
				F84681B623C6422C00CDF8BD /* TableFooterView.swift */,
			);
			path = table;
			sourceTree = "<group>";
		};
		F8FB37ED23EECE6D00CD91A5 /* BezierPath */ = {
			isa = PBXGroup;
			children = (
				F8FB37EE23EECEA500CD91A5 /* BezierPathTutorialViewController.swift */,
				F8FB37F023EECEBF00CD91A5 /* BezierPathTutorilaCoordinator.swift */,
				F8FB37F223EECF8A00CD91A5 /* BezierPathTutorialView.swift */,
			);
			path = BezierPath;
			sourceTree = "<group>";
		};
/* End PBXGroup section */

/* Begin PBXNativeTarget section */
		F806DD45238EF90B00399678 /* animationPlayer */ = {
			isa = PBXNativeTarget;
			buildConfigurationList = F806DD5A238EF90C00399678 /* Build configuration list for PBXNativeTarget "animationPlayer" */;
			buildPhases = (
				F806DD42238EF90B00399678 /* Sources */,
				F806DD43238EF90B00399678 /* Frameworks */,
				F806DD44238EF90B00399678 /* Resources */,
			);
			buildRules = (
			);
			dependencies = (
			);
			name = animationPlayer;
			productName = animationPlayer;
			productReference = F806DD46238EF90B00399678 /* animationPlayer.app */;
			productType = "com.apple.product-type.application";
		};
/* End PBXNativeTarget section */

/* Begin PBXProject section */
		F806DD3E238EF90A00399678 /* Project object */ = {
			isa = PBXProject;
			attributes = {
				LastSwiftUpdateCheck = 1120;
				LastUpgradeCheck = 1120;
				ORGANIZATIONNAME = "Iskander Foatov";
				TargetAttributes = {
					F806DD45238EF90B00399678 = {
						CreatedOnToolsVersion = 11.2;
					};
				};
			};
			buildConfigurationList = F806DD41238EF90A00399678 /* Build configuration list for PBXProject "animationPlayer" */;
			compatibilityVersion = "Xcode 9.3";
			developmentRegion = en;
			hasScannedForEncodings = 0;
			knownRegions = (
				en,
				Base,
			);
			mainGroup = F806DD3D238EF90A00399678;
			productRefGroup = F806DD47238EF90B00399678 /* Products */;
			projectDirPath = "";
			projectRoot = "";
			targets = (
				F806DD45238EF90B00399678 /* animationPlayer */,
			);
		};
/* End PBXProject section */

/* Begin PBXResourcesBuildPhase section */
		F806DD44238EF90B00399678 /* Resources */ = {
			isa = PBXResourcesBuildPhase;
			buildActionMask = 2147483647;
			files = (
				F806DD56238EF90C00399678 /* LaunchScreen.storyboard in Resources */,
				F806DD53238EF90C00399678 /* Assets.xcassets in Resources */,
			);
			runOnlyForDeploymentPostprocessing = 0;
		};
/* End PBXResourcesBuildPhase section */

/* Begin PBXSourcesBuildPhase section */
		F806DD42238EF90B00399678 /* Sources */ = {
			isa = PBXSourcesBuildPhase;
			buildActionMask = 2147483647;
			files = (
				F8FB37EF23EECEA500CD91A5 /* BezierPathTutorialViewController.swift in Sources */,
				F8FB37F323EECF8A00CD91A5 /* BezierPathTutorialView.swift in Sources */,
				F83AAC3D23C1F3B6009B06CC /* FormItem.swift in Sources */,
				F8B36DAF239980680040CD03 /* AnimationsListModel.swift in Sources */,
				F8D322F523BB4BA200539D16 /* FormViewController.swift in Sources */,
				F806DD5F238EF97000399678 /* Coordinator.swift in Sources */,
				F806DD4E238EF90B00399678 /* AnimationsListViewController.swift in Sources */,
				F8FB37F123EECEBF00CD91A5 /* BezierPathTutorilaCoordinator.swift in Sources */,
				F806DD61238EFC9900399678 /* AppCoordinator.swift in Sources */,
				F84681B723C6422C00CDF8BD /* TableFooterView.swift in Sources */,
				F84681B523C63E1E00CDF8BD /* FormViewCoordinator.swift in Sources */,
				F806DD63238EFE0600399678 /* AnimationsListCoordinator.swift in Sources */,
				F83AAC3B23C1ED85009B06CC /* TextFieldTableViewCell.swift in Sources */,
				F8D322F723BB4BCE00539D16 /* FormDataSource.swift in Sources */,
				F806DD4A238EF90B00399678 /* AppDelegate.swift in Sources */,
			);
			runOnlyForDeploymentPostprocessing = 0;
		};
/* End PBXSourcesBuildPhase section */

/* Begin PBXVariantGroup section */
		F806DD54238EF90C00399678 /* LaunchScreen.storyboard */ = {
			isa = PBXVariantGroup;
			children = (
				F806DD55238EF90C00399678 /* Base */,
			);
			name = LaunchScreen.storyboard;
			sourceTree = "<group>";
		};
/* End PBXVariantGroup section */

/* Begin XCBuildConfiguration section */
		F806DD58238EF90C00399678 /* Debug */ = {
			isa = XCBuildConfiguration;
			buildSettings = {
				ALWAYS_SEARCH_USER_PATHS = NO;
				CLANG_ANALYZER_NONNULL = YES;
				CLANG_ANALYZER_NUMBER_OBJECT_CONVERSION = YES_AGGRESSIVE;
				CLANG_CXX_LANGUAGE_STANDARD = "gnu++14";
				CLANG_CXX_LIBRARY = "libc++";
				CLANG_ENABLE_MODULES = YES;
				CLANG_ENABLE_OBJC_ARC = YES;
				CLANG_ENABLE_OBJC_WEAK = YES;
				CLANG_WARN_BLOCK_CAPTURE_AUTORELEASING = YES;
				CLANG_WARN_BOOL_CONVERSION = YES;
				CLANG_WARN_COMMA = YES;
				CLANG_WARN_CONSTANT_CONVERSION = YES;
				CLANG_WARN_DEPRECATED_OBJC_IMPLEMENTATIONS = YES;
				CLANG_WARN_DIRECT_OBJC_ISA_USAGE = YES_ERROR;
				CLANG_WARN_DOCUMENTATION_COMMENTS = YES;
				CLANG_WARN_EMPTY_BODY = YES;
				CLANG_WARN_ENUM_CONVERSION = YES;
				CLANG_WARN_INFINITE_RECURSION = YES;
				CLANG_WARN_INT_CONVERSION = YES;
				CLANG_WARN_NON_LITERAL_NULL_CONVERSION = YES;
				CLANG_WARN_OBJC_IMPLICIT_RETAIN_SELF = YES;
				CLANG_WARN_OBJC_LITERAL_CONVERSION = YES;
				CLANG_WARN_OBJC_ROOT_CLASS = YES_ERROR;
				CLANG_WARN_RANGE_LOOP_ANALYSIS = YES;
				CLANG_WARN_STRICT_PROTOTYPES = YES;
				CLANG_WARN_SUSPICIOUS_MOVE = YES;
				CLANG_WARN_UNGUARDED_AVAILABILITY = YES_AGGRESSIVE;
				CLANG_WARN_UNREACHABLE_CODE = YES;
				CLANG_WARN__DUPLICATE_METHOD_MATCH = YES;
				COPY_PHASE_STRIP = NO;
				DEBUG_INFORMATION_FORMAT = dwarf;
				ENABLE_STRICT_OBJC_MSGSEND = YES;
				ENABLE_TESTABILITY = YES;
				GCC_C_LANGUAGE_STANDARD = gnu11;
				GCC_DYNAMIC_NO_PIC = NO;
				GCC_NO_COMMON_BLOCKS = YES;
				GCC_OPTIMIZATION_LEVEL = 0;
				GCC_PREPROCESSOR_DEFINITIONS = (
					"DEBUG=1",
					"$(inherited)",
				);
				GCC_WARN_64_TO_32_BIT_CONVERSION = YES;
				GCC_WARN_ABOUT_RETURN_TYPE = YES_ERROR;
				GCC_WARN_UNDECLARED_SELECTOR = YES;
				GCC_WARN_UNINITIALIZED_AUTOS = YES_AGGRESSIVE;
				GCC_WARN_UNUSED_FUNCTION = YES;
				GCC_WARN_UNUSED_VARIABLE = YES;
				IPHONEOS_DEPLOYMENT_TARGET = 13.2;
				MTL_ENABLE_DEBUG_INFO = INCLUDE_SOURCE;
				MTL_FAST_MATH = YES;
				ONLY_ACTIVE_ARCH = YES;
				SDKROOT = iphoneos;
				SWIFT_ACTIVE_COMPILATION_CONDITIONS = DEBUG;
				SWIFT_OPTIMIZATION_LEVEL = "-Onone";
			};
			name = Debug;
		};
		F806DD59238EF90C00399678 /* Release */ = {
			isa = XCBuildConfiguration;
			buildSettings = {
				ALWAYS_SEARCH_USER_PATHS = NO;
				CLANG_ANALYZER_NONNULL = YES;
				CLANG_ANALYZER_NUMBER_OBJECT_CONVERSION = YES_AGGRESSIVE;
				CLANG_CXX_LANGUAGE_STANDARD = "gnu++14";
				CLANG_CXX_LIBRARY = "libc++";
				CLANG_ENABLE_MODULES = YES;
				CLANG_ENABLE_OBJC_ARC = YES;
				CLANG_ENABLE_OBJC_WEAK = YES;
				CLANG_WARN_BLOCK_CAPTURE_AUTORELEASING = YES;
				CLANG_WARN_BOOL_CONVERSION = YES;
				CLANG_WARN_COMMA = YES;
				CLANG_WARN_CONSTANT_CONVERSION = YES;
				CLANG_WARN_DEPRECATED_OBJC_IMPLEMENTATIONS = YES;
				CLANG_WARN_DIRECT_OBJC_ISA_USAGE = YES_ERROR;
				CLANG_WARN_DOCUMENTATION_COMMENTS = YES;
				CLANG_WARN_EMPTY_BODY = YES;
				CLANG_WARN_ENUM_CONVERSION = YES;
				CLANG_WARN_INFINITE_RECURSION = YES;
				CLANG_WARN_INT_CONVERSION = YES;
				CLANG_WARN_NON_LITERAL_NULL_CONVERSION = YES;
				CLANG_WARN_OBJC_IMPLICIT_RETAIN_SELF = YES;
				CLANG_WARN_OBJC_LITERAL_CONVERSION = YES;
				CLANG_WARN_OBJC_ROOT_CLASS = YES_ERROR;
				CLANG_WARN_RANGE_LOOP_ANALYSIS = YES;
				CLANG_WARN_STRICT_PROTOTYPES = YES;
				CLANG_WARN_SUSPICIOUS_MOVE = YES;
				CLANG_WARN_UNGUARDED_AVAILABILITY = YES_AGGRESSIVE;
				CLANG_WARN_UNREACHABLE_CODE = YES;
				CLANG_WARN__DUPLICATE_METHOD_MATCH = YES;
				COPY_PHASE_STRIP = NO;
				DEBUG_INFORMATION_FORMAT = "dwarf-with-dsym";
				ENABLE_NS_ASSERTIONS = NO;
				ENABLE_STRICT_OBJC_MSGSEND = YES;
				GCC_C_LANGUAGE_STANDARD = gnu11;
				GCC_NO_COMMON_BLOCKS = YES;
				GCC_WARN_64_TO_32_BIT_CONVERSION = YES;
				GCC_WARN_ABOUT_RETURN_TYPE = YES_ERROR;
				GCC_WARN_UNDECLARED_SELECTOR = YES;
				GCC_WARN_UNINITIALIZED_AUTOS = YES_AGGRESSIVE;
				GCC_WARN_UNUSED_FUNCTION = YES;
				GCC_WARN_UNUSED_VARIABLE = YES;
				IPHONEOS_DEPLOYMENT_TARGET = 13.2;
				MTL_ENABLE_DEBUG_INFO = NO;
				MTL_FAST_MATH = YES;
				SDKROOT = iphoneos;
				SWIFT_COMPILATION_MODE = wholemodule;
				SWIFT_OPTIMIZATION_LEVEL = "-O";
				VALIDATE_PRODUCT = YES;
			};
			name = Release;
		};
		F806DD5B238EF90C00399678 /* Debug */ = {
			isa = XCBuildConfiguration;
			buildSettings = {
				ASSETCATALOG_COMPILER_APPICON_NAME = AppIcon;
				CODE_SIGN_STYLE = Automatic;
				DEVELOPMENT_TEAM = EXB62WLCJ2;
				INFOPLIST_FILE = animationPlayer/Info.plist;
				LD_RUNPATH_SEARCH_PATHS = (
					"$(inherited)",
					"@executable_path/Frameworks",
				);
				PRODUCT_BUNDLE_IDENTIFIER = ifoatov.animationPlayer;
				PRODUCT_NAME = "$(TARGET_NAME)";
				SWIFT_VERSION = 5.0;
				TARGETED_DEVICE_FAMILY = 1;
			};
			name = Debug;
		};
		F806DD5C238EF90C00399678 /* Release */ = {
			isa = XCBuildConfiguration;
			buildSettings = {
				ASSETCATALOG_COMPILER_APPICON_NAME = AppIcon;
				CODE_SIGN_STYLE = Automatic;
				DEVELOPMENT_TEAM = EXB62WLCJ2;
				INFOPLIST_FILE = animationPlayer/Info.plist;
				LD_RUNPATH_SEARCH_PATHS = (
					"$(inherited)",
					"@executable_path/Frameworks",
				);
				PRODUCT_BUNDLE_IDENTIFIER = ifoatov.animationPlayer;
				PRODUCT_NAME = "$(TARGET_NAME)";
				SWIFT_VERSION = 5.0;
				TARGETED_DEVICE_FAMILY = 1;
			};
			name = Release;
		};
/* End XCBuildConfiguration section */

/* Begin XCConfigurationList section */
		F806DD41238EF90A00399678 /* Build configuration list for PBXProject "animationPlayer" */ = {
			isa = XCConfigurationList;
			buildConfigurations = (
				F806DD58238EF90C00399678 /* Debug */,
				F806DD59238EF90C00399678 /* Release */,
			);
			defaultConfigurationIsVisible = 0;
			defaultConfigurationName = Release;
		};
		F806DD5A238EF90C00399678 /* Build configuration list for PBXNativeTarget "animationPlayer" */ = {
			isa = XCConfigurationList;
			buildConfigurations = (
				F806DD5B238EF90C00399678 /* Debug */,
				F806DD5C238EF90C00399678 /* Release */,
			);
			defaultConfigurationIsVisible = 0;
			defaultConfigurationName = Release;
		};
/* End XCConfigurationList section */
	};
	rootObject = F806DD3E238EF90A00399678 /* Project object */;
}
